
Microsoft Visual Studio Solution File, Format Version 12.00
Project("{FAE04EC0-301F-11D3-BF4B-00C04F79EFBC}") = "Presentation_Console", "Presentation_Console\Presentation_Console.csproj", "{BEAD3365-FAB7-417F-B6E0-73D36714C87A}"
EndProject
Project("{FAE04EC0-301F-11D3-BF4B-00C04F79EFBC}") = "Infrastructure", "Infrastructure\Infrastructure.csproj", "{00E33E14-0FD7-49E4-978F-2F0779177686}"
EndProject
Global
	GlobalSection(SolutionConfigurationPlatforms) = preSolution
		Debug|Any CPU = Debug|Any CPU
		Release|Any CPU = Release|Any CPU
	EndGlobalSection
	GlobalSection(ProjectConfigurationPlatforms) = postSolution
		{BEAD3365-FAB7-417F-B6E0-73D36714C87A}.Debug|Any CPU.ActiveCfg = Debug|Any CPU
		{BEAD3365-FAB7-417F-B6E0-73D36714C87A}.Debug|Any CPU.Build.0 = Debug|Any CPU
		{BEAD3365-FAB7-417F-B6E0-73D36714C87A}.Release|Any CPU.ActiveCfg = Release|Any CPU
		{BEAD3365-FAB7-417F-B6E0-73D36714C87A}.Release|Any CPU.Build.0 = Release|Any CPU
		{00E33E14-0FD7-49E4-978F-2F0779177686}.Debug|Any CPU.ActiveCfg = Debug|Any CPU
		{00E33E14-0FD7-49E4-978F-2F0779177686}.Debug|Any CPU.Build.0 = Debug|Any CPU
		{00E33E14-0FD7-49E4-978F-2F0779177686}.Release|Any CPU.ActiveCfg = Release|Any CPU
		{00E33E14-0FD7-49E4-978F-2F0779177686}.Release|Any CPU.Build.0 = Release|Any CPU
	EndGlobalSection
EndGlobal
